{
  "name": "noobbot",
  "version": "0.0.1",
  "dependencies": {
    "JSONStream": {
      "version": "0.6.4",
      "from": "JSONStream@0.6.4",
      "resolved": "https://registry.npmjs.org/JSONStream/-/JSONStream-0.6.4.tgz",
      "dependencies": {
        "jsonparse": {
          "version": "0.0.5",
          "from": "jsonparse@0.0.5",
          "resolved": "https://registry.npmjs.org/jsonparse/-/jsonparse-0.0.5.tgz"
        },
        "through": {
          "version": "2.2.7",
          "from": "through@~2.2.7"
        }
      }
    }
  }
}
